
Microsoft Visual Studio Solution File, Format Version 12.00
# Visual Studio Version 17
VisualStudioVersion = 17.1.32210.238
MinimumVisualStudioVersion = 10.0.40219.1
Project("{FAE04EC0-301F-11D3-BF4B-00C04F79EFBC}") = "CT6", "CT6\CT6.csproj", "{87FF171C-4F20-4E54-8AE7-DB8484ACF08A}"
EndProject
Global
	GlobalSection(SolutionConfigurationPlatforms) = preSolution
		Debug|Any CPU = Debug|Any CPU
		Release|Any CPU = Release|Any CPU
	EndGlobalSection
	GlobalSection(ProjectConfigurationPlatforms) = postSolution
		{87FF171C-4F20-4E54-8AE7-DB8484ACF08A}.Debug|Any CPU.ActiveCfg = Debug|Any CPU
		{87FF171C-4F20-4E54-8AE7-DB8484ACF08A}.Debug|Any CPU.Build.0 = Debug|Any CPU
		{87FF171C-4F20-4E54-8AE7-DB8484ACF08A}.Release|Any CPU.ActiveCfg = Release|Any CPU
		{87FF171C-4F20-4E54-8AE7-DB8484ACF08A}.Release|Any CPU.Build.0 = Release|Any CPU
	EndGlobalSection
	GlobalSection(SolutionProperties) = preSolution
		HideSolutionNode = FALSE
	EndGlobalSection
	GlobalSection(ExtensibilityGlobals) = postSolution
		SolutionGuid = {6462F116-30F2-43DB-819A-FBE3A07BBCD8}
	EndGlobalSection
EndGlobal
